
Microsoft Visual Studio Solution File, Format Version 12.00
# Visual Studio Version 17
VisualStudioVersion = 17.0.32112.339
MinimumVisualStudioVersion = 10.0.40219.1
Project("{FAE04EC0-301F-11D3-BF4B-00C04F79EFBC}") = "WebApplication1", "WebApplication1.csproj", "{8131BD1F-E362-41D5-A1F6-25E909C62863}"
EndProject
Global
	GlobalSection(SolutionConfigurationPlatforms) = preSolution
		Debug|Any CPU = Debug|Any CPU
		Release|Any CPU = Release|Any CPU
	EndGlobalSection
	GlobalSection(ProjectConfigurationPlatforms) = postSolution
		{8131BD1F-E362-41D5-A1F6-25E909C62863}.Debug|Any CPU.ActiveCfg = Debug|Any CPU
		{8131BD1F-E362-41D5-A1F6-25E909C62863}.Debug|Any CPU.Build.0 = Debug|Any CPU
		{8131BD1F-E362-41D5-A1F6-25E909C62863}.Release|Any CPU.ActiveCfg = Release|Any CPU
		{8131BD1F-E362-41D5-A1F6-25E909C62863}.Release|Any CPU.Build.0 = Release|Any CPU
	EndGlobalSection
	GlobalSection(SolutionProperties) = preSolution
		HideSolutionNode = FALSE
	EndGlobalSection
	GlobalSection(ExtensibilityGlobals) = postSolution
		SolutionGuid = {9CFE5FFB-94A5-420D-8D04-42897D9FD2E4}
	EndGlobalSection
EndGlobal
